// !$*UTF8*$!
{
	archiveVersion = 1;
	classes = {
	};
	objectVersion = 50;
	objects = {

/* Begin PBXBuildFile section */
		79DD965B24576D74009DDA80 /* AppDelegate.swift in Sources */ = {isa = PBXBuildFile; fileRef = 79DD965A24576D74009DDA80 /* AppDelegate.swift */; };
		79DD965D24576D74009DDA80 /* SceneDelegate.swift in Sources */ = {isa = PBXBuildFile; fileRef = 79DD965C24576D74009DDA80 /* SceneDelegate.swift */; };
		79DD965F24576D74009DDA80 /* ViewController.swift in Sources */ = {isa = PBXBuildFile; fileRef = 79DD965E24576D74009DDA80 /* ViewController.swift */; };
		79DD966224576D74009DDA80 /* Main.storyboard in Resources */ = {isa = PBXBuildFile; fileRef = 79DD966024576D74009DDA80 /* Main.storyboard */; };
		79DD966424576D74009DDA80 /* Assets.xcassets in Resources */ = {isa = PBXBuildFile; fileRef = 79DD966324576D74009DDA80 /* Assets.xcassets */; };
		79DD966724576D74009DDA80 /* LaunchScreen.storyboard in Resources */ = {isa = PBXBuildFile; fileRef = 79DD966524576D74009DDA80 /* LaunchScreen.storyboard */; };
		79DD967224576D74009DDA80 /* FluffyWinnerTests.swift in Sources */ = {isa = PBXBuildFile; fileRef = 79DD967124576D74009DDA80 /* FluffyWinnerTests.swift */; };
/* End PBXBuildFile section */

/* Begin PBXContainerItemProxy section */
		79DD966E24576D74009DDA80 /* PBXContainerItemProxy */ = {
			isa = PBXContainerItemProxy;
			containerPortal = 79DD964F24576D74009DDA80 /* Project object */;
			proxyType = 1;
			remoteGlobalIDString = 79DD965624576D74009DDA80;
			remoteInfo = FluffyWinner;
		};
/* End PBXContainerItemProxy section */

/* Begin PBXFileReference section */
		79DD965724576D74009DDA80 /* FluffyWinner.app */ = {isa = PBXFileReference; explicitFileType = wrapper.application; includeInIndex = 0; path = FluffyWinner.app; sourceTree = BUILT_PRODUCTS_DIR; };
		79DD965A24576D74009DDA80 /* AppDelegate.swift */ = {isa = PBXFileReference; lastKnownFileType = sourcecode.swift; path = AppDelegate.swift; sourceTree = "<group>"; };
		79DD965C24576D74009DDA80 /* SceneDelegate.swift */ = {isa = PBXFileReference; lastKnownFileType = sourcecode.swift; path = SceneDelegate.swift; sourceTree = "<group>"; };
		79DD965E24576D74009DDA80 /* ViewController.swift */ = {isa = PBXFileReference; lastKnownFileType = sourcecode.swift; path = ViewController.swift; sourceTree = "<group>"; };
		79DD966124576D74009DDA80 /* Base */ = {isa = PBXFileReference; lastKnownFileType = file.storyboard; name = Base; path = Base.lproj/Main.storyboard; sourceTree = "<group>"; };
		79DD966324576D74009DDA80 /* Assets.xcassets */ = {isa = PBXFileReference; lastKnownFileType = folder.assetcatalog; path = Assets.xcassets; sourceTree = "<group>"; };
		79DD966624576D74009DDA80 /* Base */ = {isa = PBXFileReference; lastKnownFileType = file.storyboard; name = Base; path = Base.lproj/LaunchScreen.storyboard; sourceTree = "<group>"; };
		79DD966824576D74009DDA80 /* Info.plist */ = {isa = PBXFileReference; lastKnownFileType = text.plist.xml; path = Info.plist; sourceTree = "<group>"; };
		79DD966D24576D74009DDA80 /* FluffyWinnerTests.xctest */ = {isa = PBXFileReference; explicitFileType = wrapper.cfbundle; includeInIndex = 0; path = FluffyWinnerTests.xctest; sourceTree = BUILT_PRODUCTS_DIR; };
		79DD967124576D74009DDA80 /* FluffyWinnerTests.swift */ = {isa = PBXFileReference; lastKnownFileType = sourcecode.swift; path = FluffyWinnerTests.swift; sourceTree = "<group>"; };
		79DD967324576D74009DDA80 /* Info.plist */ = {isa = PBXFileReference; lastKnownFileType = text.plist.xml; path = Info.plist; sourceTree = "<group>"; };
/* End PBXFileReference section */

/* Begin PBXFrameworksBuildPhase section */
		79DD965424576D74009DDA80 /* Frameworks */ = {
			isa = PBXFrameworksBuildPhase;
			buildActionMask = 2147483647;
			files = (
			);
			runOnlyForDeploymentPostprocessing = 0;
		};
		79DD966A24576D74009DDA80 /* Frameworks */ = {
			isa = PBXFrameworksBuildPhase;
			buildActionMask = 2147483647;
			files = (
			);
			runOnlyForDeploymentPostprocessing = 0;
		};
/* End PBXFrameworksBuildPhase section */

/* Begin PBXGroup section */
		79DD964E24576D74009DDA80 = {
			isa = PBXGroup;
			children = (
				79DD965924576D74009DDA80 /* FluffyWinner */,
				79DD967024576D74009DDA80 /* FluffyWinnerTests */,
				79DD965824576D74009DDA80 /* Products */,
			);
			sourceTree = "<group>";
		};
		79DD965824576D74009DDA80 /* Products */ = {
			isa = PBXGroup;
			children = (
				79DD965724576D74009DDA80 /* FluffyWinner.app */,
				79DD966D24576D74009DDA80 /* FluffyWinnerTests.xctest */,
			);
			name = Products;
			sourceTree = "<group>";
		};
		79DD965924576D74009DDA80 /* FluffyWinner */ = {
			isa = PBXGroup;
			children = (
				79DD965A24576D74009DDA80 /* AppDelegate.swift */,
				79DD965C24576D74009DDA80 /* SceneDelegate.swift */,
				79DD965E24576D74009DDA80 /* ViewController.swift */,
				79DD966024576D74009DDA80 /* Main.storyboard */,
				79DD966324576D74009DDA80 /* Assets.xcassets */,
				79DD966524576D74009DDA80 /* LaunchScreen.storyboard */,
				79DD966824576D74009DDA80 /* Info.plist */,
			);
			path = FluffyWinner;
			sourceTree = "<group>";
		};
		79DD967024576D74009DDA80 /* FluffyWinnerTests */ = {
			isa = PBXGroup;
			children = (
				79DD967124576D74009DDA80 /* FluffyWinnerTests.swift */,
				79DD967324576D74009DDA80 /* Info.plist */,
			);
			path = FluffyWinnerTests;
			sourceTree = "<group>";
		};
/* End PBXGroup section */

/* Begin PBXNativeTarget section */
		79DD965624576D74009DDA80 /* FluffyWinner */ = {
			isa = PBXNativeTarget;
			buildConfigurationList = 79DD967624576D74009DDA80 /* Build configuration list for PBXNativeTarget "FluffyWinner" */;
			buildPhases = (
				79DD965324576D74009DDA80 /* Sources */,
				79DD965424576D74009DDA80 /* Frameworks */,
				79DD965524576D74009DDA80 /* Resources */,
			);
			buildRules = (
			);
			dependencies = (
			);
			name = FluffyWinner;
			productName = FluffyWinner;
			productReference = 79DD965724576D74009DDA80 /* FluffyWinner.app */;
			productType = "com.apple.product-type.application";
		};
		79DD966C24576D74009DDA80 /* FluffyWinnerTests */ = {
			isa = PBXNativeTarget;
			buildConfigurationList = 79DD967924576D74009DDA80 /* Build configuration list for PBXNativeTarget "FluffyWinnerTests" */;
			buildPhases = (
				79DD966924576D74009DDA80 /* Sources */,
				79DD966A24576D74009DDA80 /* Frameworks */,
				79DD966B24576D74009DDA80 /* Resources */,
			);
			buildRules = (
			);
			dependencies = (
				79DD966F24576D74009DDA80 /* PBXTargetDependency */,
			);
			name = FluffyWinnerTests;
			productName = FluffyWinnerTests;
			productReference = 79DD966D24576D74009DDA80 /* FluffyWinnerTests.xctest */;
			productType = "com.apple.product-type.bundle.unit-test";
		};
/* End PBXNativeTarget section */

/* Begin PBXProject section */
		79DD964F24576D74009DDA80 /* Project object */ = {
			isa = PBXProject;
			attributes = {
				LastSwiftUpdateCheck = 1140;
				LastUpgradeCheck = 1140;
				ORGANIZATIONNAME = "Ariel Rodriguez";
				TargetAttributes = {
					79DD965624576D74009DDA80 = {
						CreatedOnToolsVersion = 11.4.1;
					};
					79DD966C24576D74009DDA80 = {
						CreatedOnToolsVersion = 11.4.1;
						TestTargetID = 79DD965624576D74009DDA80;
					};
				};
			};
			buildConfigurationList = 79DD965224576D74009DDA80 /* Build configuration list for PBXProject "FluffyWinner" */;
			compatibilityVersion = "Xcode 9.3";
			developmentRegion = en;
			hasScannedForEncodings = 0;
			knownRegions = (
				en,
				Base,
			);
			mainGroup = 79DD964E24576D74009DDA80;
			productRefGroup = 79DD965824576D74009DDA80 /* Products */;
			projectDirPath = "";
			projectRoot = "";
			targets = (
				79DD965624576D74009DDA80 /* FluffyWinner */,
				79DD966C24576D74009DDA80 /* FluffyWinnerTests */,
			);
		};
/* End PBXProject section */

/* Begin PBXResourcesBuildPhase section */
		79DD965524576D74009DDA80 /* Resources */ = {
			isa = PBXResourcesBuildPhase;
			buildActionMask = 2147483647;
			files = (
				79DD966724576D74009DDA80 /* LaunchScreen.storyboard in Resources */,
				79DD966424576D74009DDA80 /* Assets.xcassets in Resources */,
				79DD966224576D74009DDA80 /* Main.storyboard in Resources */,
			);
			runOnlyForDeploymentPostprocessing = 0;
		};
		79DD966B24576D74009DDA80 /* Resources */ = {
			isa = PBXResourcesBuildPhase;
			buildActionMask = 2147483647;
			files = (
			);
			runOnlyForDeploymentPostprocessing = 0;
		};
/* End PBXResourcesBuildPhase section */

/* Begin PBXSourcesBuildPhase section */
		79DD965324576D74009DDA80 /* Sources */ = {
			isa = PBXSourcesBuildPhase;
			buildActionMask = 2147483647;
			files = (
				79DD965F24576D74009DDA80 /* ViewController.swift in Sources */,
				79DD965B24576D74009DDA80 /* AppDelegate.swift in Sources */,
				79DD965D24576D74009DDA80 /* SceneDelegate.swift in Sources */,
			);
			runOnlyForDeploymentPostprocessing = 0;
		};
		79DD966924576D74009DDA80 /* Sources */ = {
			isa = PBXSourcesBuildPhase;
			buildActionMask = 2147483647;
			files = (
				79DD967224576D74009DDA80 /* FluffyWinnerTests.swift in Sources */,
			);
			runOnlyForDeploymentPostprocessing = 0;
		};
/* End PBXSourcesBuildPhase section */

/* Begin PBXTargetDependency section */
		79DD966F24576D74009DDA80 /* PBXTargetDependency */ = {
			isa = PBXTargetDependency;
			target = 79DD965624576D74009DDA80 /* FluffyWinner */;
			targetProxy = 79DD966E24576D74009DDA80 /* PBXContainerItemProxy */;
		};
/* End PBXTargetDependency section */

/* Begin PBXVariantGroup section */
		79DD966024576D74009DDA80 /* Main.storyboard */ = {
			isa = PBXVariantGroup;
			children = (
				79DD966124576D74009DDA80 /* Base */,
			);
			name = Main.storyboard;
			sourceTree = "<group>";
		};
		79DD966524576D74009DDA80 /* LaunchScreen.storyboard */ = {
			isa = PBXVariantGroup;
			children = (
				79DD966624576D74009DDA80 /* Base */,
			);
			name = LaunchScreen.storyboard;
			sourceTree = "<group>";
		};
/* End PBXVariantGroup section */

/* Begin XCBuildConfiguration section */
		79DD967424576D74009DDA80 /* Debug */ = {
			isa = XCBuildConfiguration;
			buildSettings = {
				ALWAYS_SEARCH_USER_PATHS = NO;
				CLANG_ANALYZER_NONNULL = YES;
				CLANG_ANALYZER_NUMBER_OBJECT_CONVERSION = YES_AGGRESSIVE;
				CLANG_CXX_LANGUAGE_STANDARD = "gnu++14";
				CLANG_CXX_LIBRARY = "libc++";
				CLANG_ENABLE_MODULES = YES;
				CLANG_ENABLE_OBJC_ARC = YES;
				CLANG_ENABLE_OBJC_WEAK = YES;
				CLANG_WARN_BLOCK_CAPTURE_AUTORELEASING = YES;
				CLANG_WARN_BOOL_CONVERSION = YES;
				CLANG_WARN_COMMA = YES;
				CLANG_WARN_CONSTANT_CONVERSION = YES;
				CLANG_WARN_DEPRECATED_OBJC_IMPLEMENTATIONS = YES;
				CLANG_WARN_DIRECT_OBJC_ISA_USAGE = YES_ERROR;
				CLANG_WARN_DOCUMENTATION_COMMENTS = YES;
				CLANG_WARN_EMPTY_BODY = YES;
				CLANG_WARN_ENUM_CONVERSION = YES;
				CLANG_WARN_INFINITE_RECURSION = YES;
				CLANG_WARN_INT_CONVERSION = YES;
				CLANG_WARN_NON_LITERAL_NULL_CONVERSION = YES;
				CLANG_WARN_OBJC_IMPLICIT_RETAIN_SELF = YES;
				CLANG_WARN_OBJC_LITERAL_CONVERSION = YES;
				CLANG_WARN_OBJC_ROOT_CLASS = YES_ERROR;
				CLANG_WARN_RANGE_LOOP_ANALYSIS = YES;
				CLANG_WARN_STRICT_PROTOTYPES = YES;
				CLANG_WARN_SUSPICIOUS_MOVE = YES;
				CLANG_WARN_UNGUARDED_AVAILABILITY = YES_AGGRESSIVE;
				CLANG_WARN_UNREACHABLE_CODE = YES;
				CLANG_WARN__DUPLICATE_METHOD_MATCH = YES;
				COPY_PHASE_STRIP = NO;
				DEBUG_INFORMATION_FORMAT = dwarf;
				ENABLE_STRICT_OBJC_MSGSEND = YES;
				ENABLE_TESTABILITY = YES;
				GCC_C_LANGUAGE_STANDARD = gnu11;
				GCC_DYNAMIC_NO_PIC = NO;
				GCC_NO_COMMON_BLOCKS = YES;
				GCC_OPTIMIZATION_LEVEL = 0;
				GCC_PREPROCESSOR_DEFINITIONS = (
					"DEBUG=1",
					"$(inherited)",
				);
				GCC_WARN_64_TO_32_BIT_CONVERSION = YES;
				GCC_WARN_ABOUT_RETURN_TYPE = YES_ERROR;
				GCC_WARN_UNDECLARED_SELECTOR = YES;
				GCC_WARN_UNINITIALIZED_AUTOS = YES_AGGRESSIVE;
				GCC_WARN_UNUSED_FUNCTION = YES;
				GCC_WARN_UNUSED_VARIABLE = YES;
				IPHONEOS_DEPLOYMENT_TARGET = 13.4;
				MTL_ENABLE_DEBUG_INFO = INCLUDE_SOURCE;
				MTL_FAST_MATH = YES;
				ONLY_ACTIVE_ARCH = YES;
				SDKROOT = iphoneos;
				SWIFT_ACTIVE_COMPILATION_CONDITIONS = DEBUG;
				SWIFT_OPTIMIZATION_LEVEL = "-Onone";
			};
			name = Debug;
		};
		79DD967524576D74009DDA80 /* Release */ = {
			isa = XCBuildConfiguration;
			buildSettings = {
				ALWAYS_SEARCH_USER_PATHS = NO;
				CLANG_ANALYZER_NONNULL = YES;
				CLANG_ANALYZER_NUMBER_OBJECT_CONVERSION = YES_AGGRESSIVE;
				CLANG_CXX_LANGUAGE_STANDARD = "gnu++14";
				CLANG_CXX_LIBRARY = "libc++";
				CLANG_ENABLE_MODULES = YES;
				CLANG_ENABLE_OBJC_ARC = YES;
				CLANG_ENABLE_OBJC_WEAK = YES;
				CLANG_WARN_BLOCK_CAPTURE_AUTORELEASING = YES;
				CLANG_WARN_BOOL_CONVERSION = YES;
				CLANG_WARN_COMMA = YES;
				CLANG_WARN_CONSTANT_CONVERSION = YES;
				CLANG_WARN_DEPRECATED_OBJC_IMPLEMENTATIONS = YES;
				CLANG_WARN_DIRECT_OBJC_ISA_USAGE = YES_ERROR;
				CLANG_WARN_DOCUMENTATION_COMMENTS = YES;
				CLANG_WARN_EMPTY_BODY = YES;
				CLANG_WARN_ENUM_CONVERSION = YES;
				CLANG_WARN_INFINITE_RECURSION = YES;
				CLANG_WARN_INT_CONVERSION = YES;
				CLANG_WARN_NON_LITERAL_NULL_CONVERSION = YES;
				CLANG_WARN_OBJC_IMPLICIT_RETAIN_SELF = YES;
				CLANG_WARN_OBJC_LITERAL_CONVERSION = YES;
				CLANG_WARN_OBJC_ROOT_CLASS = YES_ERROR;
				CLANG_WARN_RANGE_LOOP_ANALYSIS = YES;
				CLANG_WARN_STRICT_PROTOTYPES = YES;
				CLANG_WARN_SUSPICIOUS_MOVE = YES;
				CLANG_WARN_UNGUARDED_AVAILABILITY = YES_AGGRESSIVE;
				CLANG_WARN_UNREACHABLE_CODE = YES;
				CLANG_WARN__DUPLICATE_METHOD_MATCH = YES;
				COPY_PHASE_STRIP = NO;
				DEBUG_INFORMATION_FORMAT = "dwarf-with-dsym";
				ENABLE_NS_ASSERTIONS = NO;
				ENABLE_STRICT_OBJC_MSGSEND = YES;
				GCC_C_LANGUAGE_STANDARD = gnu11;
				GCC_NO_COMMON_BLOCKS = YES;
				GCC_WARN_64_TO_32_BIT_CONVERSION = YES;
				GCC_WARN_ABOUT_RETURN_TYPE = YES_ERROR;
				GCC_WARN_UNDECLARED_SELECTOR = YES;
				GCC_WARN_UNINITIALIZED_AUTOS = YES_AGGRESSIVE;
				GCC_WARN_UNUSED_FUNCTION = YES;
				GCC_WARN_UNUSED_VARIABLE = YES;
				IPHONEOS_DEPLOYMENT_TARGET = 13.4;
				MTL_ENABLE_DEBUG_INFO = NO;
				MTL_FAST_MATH = YES;
				SDKROOT = iphoneos;
				SWIFT_COMPILATION_MODE = wholemodule;
				SWIFT_OPTIMIZATION_LEVEL = "-O";
				VALIDATE_PRODUCT = YES;
			};
			name = Release;
		};
		79DD967724576D74009DDA80 /* Debug */ = {
			isa = XCBuildConfiguration;
			buildSettings = {
				ASSETCATALOG_COMPILER_APPICON_NAME = AppIcon;
				CODE_SIGN_STYLE = Automatic;
				DEVELOPMENT_TEAM = 8N376JP4MK;
				INFOPLIST_FILE = FluffyWinner/Info.plist;
				LD_RUNPATH_SEARCH_PATHS = (
					"$(inherited)",
					"@executable_path/Frameworks",
				);
				PRODUCT_BUNDLE_IDENTIFIER = Volonbolon.FluffyWinner;
				PRODUCT_NAME = "$(TARGET_NAME)";
				SWIFT_VERSION = 5.0;
				TARGETED_DEVICE_FAMILY = "1,2";
			};
			name = Debug;
		};
		79DD967824576D74009DDA80 /* Release */ = {
			isa = XCBuildConfiguration;
			buildSettings = {
				ASSETCATALOG_COMPILER_APPICON_NAME = AppIcon;
				CODE_SIGN_STYLE = Automatic;
				DEVELOPMENT_TEAM = 8N376JP4MK;
				INFOPLIST_FILE = FluffyWinner/Info.plist;
				LD_RUNPATH_SEARCH_PATHS = (
					"$(inherited)",
					"@executable_path/Frameworks",
				);
				PRODUCT_BUNDLE_IDENTIFIER = Volonbolon.FluffyWinner;
				PRODUCT_NAME = "$(TARGET_NAME)";
				SWIFT_VERSION = 5.0;
				TARGETED_DEVICE_FAMILY = "1,2";
			};
			name = Release;
		};
		79DD967A24576D74009DDA80 /* Debug */ = {
			isa = XCBuildConfiguration;
			buildSettings = {
				ALWAYS_EMBED_SWIFT_STANDARD_LIBRARIES = YES;
				BUNDLE_LOADER = "$(TEST_HOST)";
				CODE_SIGN_STYLE = Automatic;
				DEVELOPMENT_TEAM = 8N376JP4MK;
				INFOPLIST_FILE = FluffyWinnerTests/Info.plist;
				IPHONEOS_DEPLOYMENT_TARGET = 13.4;
				LD_RUNPATH_SEARCH_PATHS = (
					"$(inherited)",
					"@executable_path/Frameworks",
					"@loader_path/Frameworks",
				);
				PRODUCT_BUNDLE_IDENTIFIER = Volonbolon.FluffyWinnerTests;
				PRODUCT_NAME = "$(TARGET_NAME)";
				SWIFT_VERSION = 5.0;
				TARGETED_DEVICE_FAMILY = "1,2";
				TEST_HOST = "$(BUILT_PRODUCTS_DIR)/FluffyWinner.app/FluffyWinner";
			};
			name = Debug;
		};
		79DD967B24576D74009DDA80 /* Release */ = {
			isa = XCBuildConfiguration;
			buildSettings = {
				ALWAYS_EMBED_SWIFT_STANDARD_LIBRARIES = YES;
				BUNDLE_LOADER = "$(TEST_HOST)";
				CODE_SIGN_STYLE = Automatic;
				DEVELOPMENT_TEAM = 8N376JP4MK;
				INFOPLIST_FILE = FluffyWinnerTests/Info.plist;
				IPHONEOS_DEPLOYMENT_TARGET = 13.4;
				LD_RUNPATH_SEARCH_PATHS = (
					"$(inherited)",
					"@executable_path/Frameworks",
					"@loader_path/Frameworks",
				);
				PRODUCT_BUNDLE_IDENTIFIER = Volonbolon.FluffyWinnerTests;
				PRODUCT_NAME = "$(TARGET_NAME)";
				SWIFT_VERSION = 5.0;
				TARGETED_DEVICE_FAMILY = "1,2";
				TEST_HOST = "$(BUILT_PRODUCTS_DIR)/FluffyWinner.app/FluffyWinner";
			};
			name = Release;
		};
/* End XCBuildConfiguration section */

/* Begin XCConfigurationList section */
		79DD965224576D74009DDA80 /* Build configuration list for PBXProject "FluffyWinner" */ = {
			isa = XCConfigurationList;
			buildConfigurations = (
				79DD967424576D74009DDA80 /* Debug */,
				79DD967524576D74009DDA80 /* Release */,
			);
			defaultConfigurationIsVisible = 0;
			defaultConfigurationName = Release;
		};
		79DD967624576D74009DDA80 /* Build configuration list for PBXNativeTarget "FluffyWinner" */ = {
			isa = XCConfigurationList;
			buildConfigurations = (
				79DD967724576D74009DDA80 /* Debug */,
				79DD967824576D74009DDA80 /* Release */,
			);
			defaultConfigurationIsVisible = 0;
			defaultConfigurationName = Release;
		};
		79DD967924576D74009DDA80 /* Build configuration list for PBXNativeTarget "FluffyWinnerTests" */ = {
			isa = XCConfigurationList;
			buildConfigurations = (
				79DD967A24576D74009DDA80 /* Debug */,
				79DD967B24576D74009DDA80 /* Release */,
			);
			defaultConfigurationIsVisible = 0;
			defaultConfigurationName = Release;
		};
/* End XCConfigurationList section */
	};
	rootObject = 79DD964F24576D74009DDA80 /* Project object */;
}
